
Microsoft Visual Studio Solution File, Format Version 12.00
# Visual Studio Version 17
VisualStudioVersion = 17.6.33723.286
MinimumVisualStudioVersion = 10.0.40219.1
Project("{FAE04EC0-301F-11D3-BF4B-00C04F79EFBC}") = "Teste1", "Teste1.csproj", "{0437C540-D14A-4FA2-8AE9-C0DA518C627A}"
EndProject
Global
	GlobalSection(SolutionConfigurationPlatforms) = preSolution
		Debug|Any CPU = Debug|Any CPU
		Release|Any CPU = Release|Any CPU
	EndGlobalSection
	GlobalSection(ProjectConfigurationPlatforms) = postSolution
		{0437C540-D14A-4FA2-8AE9-C0DA518C627A}.Debug|Any CPU.ActiveCfg = Debug|Any CPU
		{0437C540-D14A-4FA2-8AE9-C0DA518C627A}.Debug|Any CPU.Build.0 = Debug|Any CPU
		{0437C540-D14A-4FA2-8AE9-C0DA518C627A}.Release|Any CPU.ActiveCfg = Release|Any CPU
		{0437C540-D14A-4FA2-8AE9-C0DA518C627A}.Release|Any CPU.Build.0 = Release|Any CPU
	EndGlobalSection
	GlobalSection(SolutionProperties) = preSolution
		HideSolutionNode = FALSE
	EndGlobalSection
	GlobalSection(ExtensibilityGlobals) = postSolution
		SolutionGuid = {7DEFC4EA-AA53-4FF9-A153-07D7B34B6C5E}
	EndGlobalSection
EndGlobal
